
Microsoft Visual Studio Solution File, Format Version 12.00
# Visual Studio Version 16
VisualStudioVersion = 16.0.30804.86
MinimumVisualStudioVersion = 10.0.40219.1
Project("{FAE04EC0-301F-11D3-BF4B-00C04F79EFBC}") = "TodoApiAssignment", "TodoApiAssignment.csproj", "{9B4DA04E-041F-43A6-9B6E-D3A4A35AC575}"
EndProject
Global
	GlobalSection(SolutionConfigurationPlatforms) = preSolution
		Debug|Any CPU = Debug|Any CPU
		Release|Any CPU = Release|Any CPU
	EndGlobalSection
	GlobalSection(ProjectConfigurationPlatforms) = postSolution
		{9B4DA04E-041F-43A6-9B6E-D3A4A35AC575}.Debug|Any CPU.ActiveCfg = Debug|Any CPU
		{9B4DA04E-041F-43A6-9B6E-D3A4A35AC575}.Debug|Any CPU.Build.0 = Debug|Any CPU
		{9B4DA04E-041F-43A6-9B6E-D3A4A35AC575}.Release|Any CPU.ActiveCfg = Release|Any CPU
		{9B4DA04E-041F-43A6-9B6E-D3A4A35AC575}.Release|Any CPU.Build.0 = Release|Any CPU
	EndGlobalSection
	GlobalSection(SolutionProperties) = preSolution
		HideSolutionNode = FALSE
	EndGlobalSection
	GlobalSection(ExtensibilityGlobals) = postSolution
		SolutionGuid = {15124D12-C452-4C30-929F-F5E7D6A8472F}
	EndGlobalSection
EndGlobal
